{
  "name": "rwt-search",
  "version": "1.0.34",
  "lockfileVersion": 1,
  "requires": true,
  "dependencies": {
    "joezone": {
      "version": "1.1.37",
      "resolved": "https://registry.npmjs.org/joezone/-/joezone-1.1.37.tgz",
      "integrity": "sha512-9pv765ZjDd/BbPXgkPjGCsW4Y3yZe4oXVpRPyQ1cN/iqPrlaCsQKE6ZDKWIophHGFSX7PzHgi4IB3ah6I9Ylkw=="
    },
    "ternwords": {
      "version": "1.0.9",
      "resolved": "https://registry.npmjs.org/ternwords/-/ternwords-1.0.9.tgz",
      "integrity": "sha512-pCOiK+VuG19bPydV+Wmd8LfSpXFMMqgB+xgdFzsM5MBoTV5iwhD+ynhc1tQEvwIPle48VeOK57ZygfRjsFI5Sg==",
      "requires": {
        "joezone": "^1.1.37"
      }
    }
  }
}
