{
  "name": "rwt-search",
  "version": "1.0.28",
  "lockfileVersion": 1,
  "requires": true,
  "dependencies": {
    "joezone": {
      "version": "1.1.36",
      "resolved": "https://registry.npmjs.org/joezone/-/joezone-1.1.36.tgz",
      "integrity": "sha512-gdtrSMf2Y4GiiYb2gT0VUMAvWf+6pCGwnZZVm9NEgN27JCpxsf9Ty24gjio6fLAGfmHWAjy7tUrCauqN1XJ0sg=="
    },
    "ternwords": {
      "version": "1.0.7",
      "resolved": "https://registry.npmjs.org/ternwords/-/ternwords-1.0.7.tgz",
      "integrity": "sha512-paTJN8sgjtTXaIdVR7PvvxMaQyJ/KXJeifvvrrjQxlb/xSrOgGvtfsfVz9gO+REdzquFmybggvoKV/Pwxej92w==",
      "requires": {
        "joezone": "^1.1.36"
      }
    }
  }
}
